{
  "originHash" : "3cd07eda8eccc80a8b4e067542086ecc9218ad0e674dd71752a917cf17f716b1",
  "pins" : [
    {
      "identity" : "swift-argument-parser",
      "kind" : "remoteSourceControl",
      "location" : "https://github.com/apple/swift-argument-parser",
      "state" : {
        "revision" : "6a52f3251125d74daf04fcbd5e6f08a75d074382",
        "version" : "1.8.2"
      }
    },
    {
      "identity" : "yams",
      "kind" : "remoteSourceControl",
      "location" : "https://github.com/jpsim/Yams.git",
      "state" : {
        "revision" : "9ff1cc9327586db4e0c8f46f064b6a82ec1566fa",
        "version" : "4.0.6"
      }
    }
  ],
  "version" : 3
}
